
Microsoft Visual Studio Solution File, Format Version 12.00
# Visual Studio 14
VisualStudioVersion = 14.0.24720.0
MinimumVisualStudioVersion = 10.0.40219.1
Project("{F184B08F-C81C-45F6-A57F-5ABD9991F28F}") = "UI", "UI\UI.vbproj", "{738345C5-DE9B-49D4-9C08-068E88E18D3E}"
EndProject
Project("{FAE04EC0-301F-11D3-BF4B-00C04F79EFBC}") = "BL", "BL\BL.csproj", "{428AE3F0-8509-4BA6-A486-5576306C4ED8}"
EndProject
Project("{FAE04EC0-301F-11D3-BF4B-00C04F79EFBC}") = "TO", "TO\TO.csproj", "{5F5D30E8-2E94-4DE9-92BB-66D048821602}"
EndProject
Global
	GlobalSection(SolutionConfigurationPlatforms) = preSolution
		Debug|Any CPU = Debug|Any CPU
		Release|Any CPU = Release|Any CPU
	EndGlobalSection
	GlobalSection(ProjectConfigurationPlatforms) = postSolution
		{738345C5-DE9B-49D4-9C08-068E88E18D3E}.Debug|Any CPU.ActiveCfg = Debug|Any CPU
		{738345C5-DE9B-49D4-9C08-068E88E18D3E}.Debug|Any CPU.Build.0 = Debug|Any CPU
		{738345C5-DE9B-49D4-9C08-068E88E18D3E}.Release|Any CPU.ActiveCfg = Release|Any CPU
		{738345C5-DE9B-49D4-9C08-068E88E18D3E}.Release|Any CPU.Build.0 = Release|Any CPU
		{428AE3F0-8509-4BA6-A486-5576306C4ED8}.Debug|Any CPU.ActiveCfg = Debug|Any CPU
		{428AE3F0-8509-4BA6-A486-5576306C4ED8}.Debug|Any CPU.Build.0 = Debug|Any CPU
		{428AE3F0-8509-4BA6-A486-5576306C4ED8}.Release|Any CPU.ActiveCfg = Release|Any CPU
		{428AE3F0-8509-4BA6-A486-5576306C4ED8}.Release|Any CPU.Build.0 = Release|Any CPU
		{5F5D30E8-2E94-4DE9-92BB-66D048821602}.Debug|Any CPU.ActiveCfg = Debug|Any CPU
		{5F5D30E8-2E94-4DE9-92BB-66D048821602}.Debug|Any CPU.Build.0 = Debug|Any CPU
		{5F5D30E8-2E94-4DE9-92BB-66D048821602}.Release|Any CPU.ActiveCfg = Release|Any CPU
		{5F5D30E8-2E94-4DE9-92BB-66D048821602}.Release|Any CPU.Build.0 = Release|Any CPU
	EndGlobalSection
	GlobalSection(SolutionProperties) = preSolution
		HideSolutionNode = FALSE
	EndGlobalSection
	GlobalSection(ExtensibilityGlobals) = postSolution
		SolutionGuid = {575F2874-964F-4C80-878C-E34E3D809C51}
	EndGlobalSection
EndGlobal
